// !$*UTF8*$!
{
	archiveVersion = 1;
	classes = {
	};
	objectVersion = 56;
	objects = {

/* Begin PBXBuildFile section */
		AFC56E9D29940DEC00F789BB /* AppDelegate.swift in Sources */ = {isa = PBXBuildFile; fileRef = AFC56E9C29940DEC00F789BB /* AppDelegate.swift */; };
		AFC56E9F29940DEC00F789BB /* SceneDelegate.swift in Sources */ = {isa = PBXBuildFile; fileRef = AFC56E9E29940DEC00F789BB /* SceneDelegate.swift */; };
		AFC56EA129940DEC00F789BB /* ViewController.swift in Sources */ = {isa = PBXBuildFile; fileRef = AFC56EA029940DEC00F789BB /* ViewController.swift */; };
		AFC56EA429940DEC00F789BB /* Main.storyboard in Resources */ = {isa = PBXBuildFile; fileRef = AFC56EA229940DEC00F789BB /* Main.storyboard */; };
		AFC56EA629940DED00F789BB /* Assets.xcassets in Resources */ = {isa = PBXBuildFile; fileRef = AFC56EA529940DED00F789BB /* Assets.xcassets */; };
		AFC56EA929940DED00F789BB /* LaunchScreen.storyboard in Resources */ = {isa = PBXBuildFile; fileRef = AFC56EA729940DED00F789BB /* LaunchScreen.storyboard */; };
		AFC56ECE29940E6B00F789BB /* tile09.png in Resources */ = {isa = PBXBuildFile; fileRef = AFC56EB129940E6B00F789BB /* tile09.png */; };
		AFC56ECF29940E6B00F789BB /* tile08.png in Resources */ = {isa = PBXBuildFile; fileRef = AFC56EB229940E6B00F789BB /* tile08.png */; };
		AFC56ED029940E6B00F789BB /* tile016.png in Resources */ = {isa = PBXBuildFile; fileRef = AFC56EB329940E6B00F789BB /* tile016.png */; };
		AFC56ED129940E6B00F789BB /* tile017.png in Resources */ = {isa = PBXBuildFile; fileRef = AFC56EB429940E6B00F789BB /* tile017.png */; };
		AFC56ED229940E6B00F789BB /* tile015.png in Resources */ = {isa = PBXBuildFile; fileRef = AFC56EB529940E6B00F789BB /* tile015.png */; };
		AFC56ED329940E6B00F789BB /* tile014.png in Resources */ = {isa = PBXBuildFile; fileRef = AFC56EB629940E6B00F789BB /* tile014.png */; };
		AFC56ED429940E6B00F789BB /* tile028.png in Resources */ = {isa = PBXBuildFile; fileRef = AFC56EB729940E6B00F789BB /* tile028.png */; };
		AFC56ED529940E6B00F789BB /* tile010.png in Resources */ = {isa = PBXBuildFile; fileRef = AFC56EB829940E6B00F789BB /* tile010.png */; };
		AFC56ED629940E6B00F789BB /* tile011.png in Resources */ = {isa = PBXBuildFile; fileRef = AFC56EB929940E6B00F789BB /* tile011.png */; };
		AFC56ED729940E6B00F789BB /* tile013.png in Resources */ = {isa = PBXBuildFile; fileRef = AFC56EBA29940E6B00F789BB /* tile013.png */; };
		AFC56ED829940E6B00F789BB /* tile012.png in Resources */ = {isa = PBXBuildFile; fileRef = AFC56EBB29940E6B00F789BB /* tile012.png */; };
		AFC56ED929940E6B00F789BB /* tile023.png in Resources */ = {isa = PBXBuildFile; fileRef = AFC56EBC29940E6B00F789BB /* tile023.png */; };
		AFC56EDA29940E6B00F789BB /* tile022.png in Resources */ = {isa = PBXBuildFile; fileRef = AFC56EBD29940E6B00F789BB /* tile022.png */; };
		AFC56EDB29940E6B00F789BB /* tile020.png in Resources */ = {isa = PBXBuildFile; fileRef = AFC56EBE29940E6B00F789BB /* tile020.png */; };
		AFC56EDC29940E6B00F789BB /* tile021.png in Resources */ = {isa = PBXBuildFile; fileRef = AFC56EBF29940E6B00F789BB /* tile021.png */; };
		AFC56EDD29940E6B00F789BB /* tile025.png in Resources */ = {isa = PBXBuildFile; fileRef = AFC56EC029940E6B00F789BB /* tile025.png */; };
		AFC56EDE29940E6B00F789BB /* tile019.png in Resources */ = {isa = PBXBuildFile; fileRef = AFC56EC129940E6B00F789BB /* tile019.png */; };
		AFC56EDF29940E6B00F789BB /* tile018.png in Resources */ = {isa = PBXBuildFile; fileRef = AFC56EC229940E6B00F789BB /* tile018.png */; };
		AFC56EE029940E6B00F789BB /* tile024.png in Resources */ = {isa = PBXBuildFile; fileRef = AFC56EC329940E6B00F789BB /* tile024.png */; };
		AFC56EE129940E6B00F789BB /* tile026.png in Resources */ = {isa = PBXBuildFile; fileRef = AFC56EC429940E6B00F789BB /* tile026.png */; };
		AFC56EE229940E6B00F789BB /* tile027.png in Resources */ = {isa = PBXBuildFile; fileRef = AFC56EC529940E6B00F789BB /* tile027.png */; };
		AFC56EE329940E6B00F789BB /* tile05.png in Resources */ = {isa = PBXBuildFile; fileRef = AFC56EC629940E6B00F789BB /* tile05.png */; };
		AFC56EE429940E6B00F789BB /* tile04.png in Resources */ = {isa = PBXBuildFile; fileRef = AFC56EC729940E6B00F789BB /* tile04.png */; };
		AFC56EE529940E6B00F789BB /* tile06.png in Resources */ = {isa = PBXBuildFile; fileRef = AFC56EC829940E6B00F789BB /* tile06.png */; };
		AFC56EE629940E6B00F789BB /* tile07.png in Resources */ = {isa = PBXBuildFile; fileRef = AFC56EC929940E6B00F789BB /* tile07.png */; };
		AFC56EE729940E6B00F789BB /* tile03.png in Resources */ = {isa = PBXBuildFile; fileRef = AFC56ECA29940E6B00F789BB /* tile03.png */; };
		AFC56EE829940E6B00F789BB /* tile02.png in Resources */ = {isa = PBXBuildFile; fileRef = AFC56ECB29940E6B00F789BB /* tile02.png */; };
		AFC56EE929940E6B00F789BB /* tile00.png in Resources */ = {isa = PBXBuildFile; fileRef = AFC56ECC29940E6B00F789BB /* tile00.png */; };
		AFC56EEA29940E6B00F789BB /* tile01.png in Resources */ = {isa = PBXBuildFile; fileRef = AFC56ECD29940E6B00F789BB /* tile01.png */; };
/* End PBXBuildFile section */

/* Begin PBXFileReference section */
		AFC56E9929940DEC00F789BB /* Twitter Animation.app */ = {isa = PBXFileReference; explicitFileType = wrapper.application; includeInIndex = 0; path = "Twitter Animation.app"; sourceTree = BUILT_PRODUCTS_DIR; };
		AFC56E9C29940DEC00F789BB /* AppDelegate.swift */ = {isa = PBXFileReference; lastKnownFileType = sourcecode.swift; path = AppDelegate.swift; sourceTree = "<group>"; };
		AFC56E9E29940DEC00F789BB /* SceneDelegate.swift */ = {isa = PBXFileReference; lastKnownFileType = sourcecode.swift; path = SceneDelegate.swift; sourceTree = "<group>"; };
		AFC56EA029940DEC00F789BB /* ViewController.swift */ = {isa = PBXFileReference; lastKnownFileType = sourcecode.swift; path = ViewController.swift; sourceTree = "<group>"; };
		AFC56EA329940DEC00F789BB /* Base */ = {isa = PBXFileReference; lastKnownFileType = file.storyboard; name = Base; path = Base.lproj/Main.storyboard; sourceTree = "<group>"; };
		AFC56EA529940DED00F789BB /* Assets.xcassets */ = {isa = PBXFileReference; lastKnownFileType = folder.assetcatalog; path = Assets.xcassets; sourceTree = "<group>"; };
		AFC56EA829940DED00F789BB /* Base */ = {isa = PBXFileReference; lastKnownFileType = file.storyboard; name = Base; path = Base.lproj/LaunchScreen.storyboard; sourceTree = "<group>"; };
		AFC56EAA29940DED00F789BB /* Info.plist */ = {isa = PBXFileReference; lastKnownFileType = text.plist.xml; path = Info.plist; sourceTree = "<group>"; };
		AFC56EB129940E6B00F789BB /* tile09.png */ = {isa = PBXFileReference; lastKnownFileType = image.png; path = tile09.png; sourceTree = "<group>"; };
		AFC56EB229940E6B00F789BB /* tile08.png */ = {isa = PBXFileReference; lastKnownFileType = image.png; path = tile08.png; sourceTree = "<group>"; };
		AFC56EB329940E6B00F789BB /* tile016.png */ = {isa = PBXFileReference; lastKnownFileType = image.png; path = tile016.png; sourceTree = "<group>"; };
		AFC56EB429940E6B00F789BB /* tile017.png */ = {isa = PBXFileReference; lastKnownFileType = image.png; path = tile017.png; sourceTree = "<group>"; };
		AFC56EB529940E6B00F789BB /* tile015.png */ = {isa = PBXFileReference; lastKnownFileType = image.png; path = tile015.png; sourceTree = "<group>"; };
		AFC56EB629940E6B00F789BB /* tile014.png */ = {isa = PBXFileReference; lastKnownFileType = image.png; path = tile014.png; sourceTree = "<group>"; };
		AFC56EB729940E6B00F789BB /* tile028.png */ = {isa = PBXFileReference; lastKnownFileType = image.png; path = tile028.png; sourceTree = "<group>"; };
		AFC56EB829940E6B00F789BB /* tile010.png */ = {isa = PBXFileReference; lastKnownFileType = image.png; path = tile010.png; sourceTree = "<group>"; };
		AFC56EB929940E6B00F789BB /* tile011.png */ = {isa = PBXFileReference; lastKnownFileType = image.png; path = tile011.png; sourceTree = "<group>"; };
		AFC56EBA29940E6B00F789BB /* tile013.png */ = {isa = PBXFileReference; lastKnownFileType = image.png; path = tile013.png; sourceTree = "<group>"; };
		AFC56EBB29940E6B00F789BB /* tile012.png */ = {isa = PBXFileReference; lastKnownFileType = image.png; path = tile012.png; sourceTree = "<group>"; };
		AFC56EBC29940E6B00F789BB /* tile023.png */ = {isa = PBXFileReference; lastKnownFileType = image.png; path = tile023.png; sourceTree = "<group>"; };
		AFC56EBD29940E6B00F789BB /* tile022.png */ = {isa = PBXFileReference; lastKnownFileType = image.png; path = tile022.png; sourceTree = "<group>"; };
		AFC56EBE29940E6B00F789BB /* tile020.png */ = {isa = PBXFileReference; lastKnownFileType = image.png; path = tile020.png; sourceTree = "<group>"; };
		AFC56EBF29940E6B00F789BB /* tile021.png */ = {isa = PBXFileReference; lastKnownFileType = image.png; path = tile021.png; sourceTree = "<group>"; };
		AFC56EC029940E6B00F789BB /* tile025.png */ = {isa = PBXFileReference; lastKnownFileType = image.png; path = tile025.png; sourceTree = "<group>"; };
		AFC56EC129940E6B00F789BB /* tile019.png */ = {isa = PBXFileReference; lastKnownFileType = image.png; path = tile019.png; sourceTree = "<group>"; };
		AFC56EC229940E6B00F789BB /* tile018.png */ = {isa = PBXFileReference; lastKnownFileType = image.png; path = tile018.png; sourceTree = "<group>"; };
		AFC56EC329940E6B00F789BB /* tile024.png */ = {isa = PBXFileReference; lastKnownFileType = image.png; path = tile024.png; sourceTree = "<group>"; };
		AFC56EC429940E6B00F789BB /* tile026.png */ = {isa = PBXFileReference; lastKnownFileType = image.png; path = tile026.png; sourceTree = "<group>"; };
		AFC56EC529940E6B00F789BB /* tile027.png */ = {isa = PBXFileReference; lastKnownFileType = image.png; path = tile027.png; sourceTree = "<group>"; };
		AFC56EC629940E6B00F789BB /* tile05.png */ = {isa = PBXFileReference; lastKnownFileType = image.png; path = tile05.png; sourceTree = "<group>"; };
		AFC56EC729940E6B00F789BB /* tile04.png */ = {isa = PBXFileReference; lastKnownFileType = image.png; path = tile04.png; sourceTree = "<group>"; };
		AFC56EC829940E6B00F789BB /* tile06.png */ = {isa = PBXFileReference; lastKnownFileType = image.png; path = tile06.png; sourceTree = "<group>"; };
		AFC56EC929940E6B00F789BB /* tile07.png */ = {isa = PBXFileReference; lastKnownFileType = image.png; path = tile07.png; sourceTree = "<group>"; };
		AFC56ECA29940E6B00F789BB /* tile03.png */ = {isa = PBXFileReference; lastKnownFileType = image.png; path = tile03.png; sourceTree = "<group>"; };
		AFC56ECB29940E6B00F789BB /* tile02.png */ = {isa = PBXFileReference; lastKnownFileType = image.png; path = tile02.png; sourceTree = "<group>"; };
		AFC56ECC29940E6B00F789BB /* tile00.png */ = {isa = PBXFileReference; lastKnownFileType = image.png; path = tile00.png; sourceTree = "<group>"; };
		AFC56ECD29940E6B00F789BB /* tile01.png */ = {isa = PBXFileReference; lastKnownFileType = image.png; path = tile01.png; sourceTree = "<group>"; };
/* End PBXFileReference section */

/* Begin PBXFrameworksBuildPhase section */
		AFC56E9629940DEC00F789BB /* Frameworks */ = {
			isa = PBXFrameworksBuildPhase;
			buildActionMask = 2147483647;
			files = (
			);
			runOnlyForDeploymentPostprocessing = 0;
		};
/* End PBXFrameworksBuildPhase section */

/* Begin PBXGroup section */
		AFC56E9029940DEC00F789BB = {
			isa = PBXGroup;
			children = (
				AFC56E9B29940DEC00F789BB /* Twitter Animation */,
				AFC56E9A29940DEC00F789BB /* Products */,
			);
			sourceTree = "<group>";
		};
		AFC56E9A29940DEC00F789BB /* Products */ = {
			isa = PBXGroup;
			children = (
				AFC56E9929940DEC00F789BB /* Twitter Animation.app */,
			);
			name = Products;
			sourceTree = "<group>";
		};
		AFC56E9B29940DEC00F789BB /* Twitter Animation */ = {
			isa = PBXGroup;
			children = (
				AFC56EB029940E6B00F789BB /* heartsprite */,
				AFC56E9C29940DEC00F789BB /* AppDelegate.swift */,
				AFC56E9E29940DEC00F789BB /* SceneDelegate.swift */,
				AFC56EA029940DEC00F789BB /* ViewController.swift */,
				AFC56EA229940DEC00F789BB /* Main.storyboard */,
				AFC56EA529940DED00F789BB /* Assets.xcassets */,
				AFC56EA729940DED00F789BB /* LaunchScreen.storyboard */,
				AFC56EAA29940DED00F789BB /* Info.plist */,
			);
			path = "Twitter Animation";
			sourceTree = "<group>";
		};
		AFC56EB029940E6B00F789BB /* heartsprite */ = {
			isa = PBXGroup;
			children = (
				AFC56EB129940E6B00F789BB /* tile09.png */,
				AFC56EB229940E6B00F789BB /* tile08.png */,
				AFC56EB329940E6B00F789BB /* tile016.png */,
				AFC56EB429940E6B00F789BB /* tile017.png */,
				AFC56EB529940E6B00F789BB /* tile015.png */,
				AFC56EB629940E6B00F789BB /* tile014.png */,
				AFC56EB729940E6B00F789BB /* tile028.png */,
				AFC56EB829940E6B00F789BB /* tile010.png */,
				AFC56EB929940E6B00F789BB /* tile011.png */,
				AFC56EBA29940E6B00F789BB /* tile013.png */,
				AFC56EBB29940E6B00F789BB /* tile012.png */,
				AFC56EBC29940E6B00F789BB /* tile023.png */,
				AFC56EBD29940E6B00F789BB /* tile022.png */,
				AFC56EBE29940E6B00F789BB /* tile020.png */,
				AFC56EBF29940E6B00F789BB /* tile021.png */,
				AFC56EC029940E6B00F789BB /* tile025.png */,
				AFC56EC129940E6B00F789BB /* tile019.png */,
				AFC56EC229940E6B00F789BB /* tile018.png */,
				AFC56EC329940E6B00F789BB /* tile024.png */,
				AFC56EC429940E6B00F789BB /* tile026.png */,
				AFC56EC529940E6B00F789BB /* tile027.png */,
				AFC56EC629940E6B00F789BB /* tile05.png */,
				AFC56EC729940E6B00F789BB /* tile04.png */,
				AFC56EC829940E6B00F789BB /* tile06.png */,
				AFC56EC929940E6B00F789BB /* tile07.png */,
				AFC56ECA29940E6B00F789BB /* tile03.png */,
				AFC56ECB29940E6B00F789BB /* tile02.png */,
				AFC56ECC29940E6B00F789BB /* tile00.png */,
				AFC56ECD29940E6B00F789BB /* tile01.png */,
			);
			path = heartsprite;
			sourceTree = "<group>";
		};
/* End PBXGroup section */

/* Begin PBXNativeTarget section */
		AFC56E9829940DEC00F789BB /* Twitter Animation */ = {
			isa = PBXNativeTarget;
			buildConfigurationList = AFC56EAD29940DED00F789BB /* Build configuration list for PBXNativeTarget "Twitter Animation" */;
			buildPhases = (
				AFC56E9529940DEC00F789BB /* Sources */,
				AFC56E9629940DEC00F789BB /* Frameworks */,
				AFC56E9729940DEC00F789BB /* Resources */,
			);
			buildRules = (
			);
			dependencies = (
			);
			name = "Twitter Animation";
			productName = "Twitter Animation";
			productReference = AFC56E9929940DEC00F789BB /* Twitter Animation.app */;
			productType = "com.apple.product-type.application";
		};
/* End PBXNativeTarget section */

/* Begin PBXProject section */
		AFC56E9129940DEC00F789BB /* Project object */ = {
			isa = PBXProject;
			attributes = {
				BuildIndependentTargetsInParallel = 1;
				LastSwiftUpdateCheck = 1410;
				LastUpgradeCheck = 1410;
				TargetAttributes = {
					AFC56E9829940DEC00F789BB = {
						CreatedOnToolsVersion = 14.1;
					};
				};
			};
			buildConfigurationList = AFC56E9429940DEC00F789BB /* Build configuration list for PBXProject "Twitter Animation" */;
			compatibilityVersion = "Xcode 14.0";
			developmentRegion = en;
			hasScannedForEncodings = 0;
			knownRegions = (
				en,
				Base,
			);
			mainGroup = AFC56E9029940DEC00F789BB;
			productRefGroup = AFC56E9A29940DEC00F789BB /* Products */;
			projectDirPath = "";
			projectRoot = "";
			targets = (
				AFC56E9829940DEC00F789BB /* Twitter Animation */,
			);
		};
/* End PBXProject section */

/* Begin PBXResourcesBuildPhase section */
		AFC56E9729940DEC00F789BB /* Resources */ = {
			isa = PBXResourcesBuildPhase;
			buildActionMask = 2147483647;
			files = (
				AFC56EE529940E6B00F789BB /* tile06.png in Resources */,
				AFC56EDA29940E6B00F789BB /* tile022.png in Resources */,
				AFC56ED429940E6B00F789BB /* tile028.png in Resources */,
				AFC56ED529940E6B00F789BB /* tile010.png in Resources */,
				AFC56EE929940E6B00F789BB /* tile00.png in Resources */,
				AFC56EE329940E6B00F789BB /* tile05.png in Resources */,
				AFC56ED629940E6B00F789BB /* tile011.png in Resources */,
				AFC56EE629940E6B00F789BB /* tile07.png in Resources */,
				AFC56EDD29940E6B00F789BB /* tile025.png in Resources */,
				AFC56EE229940E6B00F789BB /* tile027.png in Resources */,
				AFC56ED829940E6B00F789BB /* tile012.png in Resources */,
				AFC56EE129940E6B00F789BB /* tile026.png in Resources */,
				AFC56EEA29940E6B00F789BB /* tile01.png in Resources */,
				AFC56EDE29940E6B00F789BB /* tile019.png in Resources */,
				AFC56EDC29940E6B00F789BB /* tile021.png in Resources */,
				AFC56EE829940E6B00F789BB /* tile02.png in Resources */,
				AFC56EE729940E6B00F789BB /* tile03.png in Resources */,
				AFC56ECE29940E6B00F789BB /* tile09.png in Resources */,
				AFC56ED929940E6B00F789BB /* tile023.png in Resources */,
				AFC56EA929940DED00F789BB /* LaunchScreen.storyboard in Resources */,
				AFC56ED329940E6B00F789BB /* tile014.png in Resources */,
				AFC56EDB29940E6B00F789BB /* tile020.png in Resources */,
				AFC56ED229940E6B00F789BB /* tile015.png in Resources */,
				AFC56EDF29940E6B00F789BB /* tile018.png in Resources */,
				AFC56EA629940DED00F789BB /* Assets.xcassets in Resources */,
				AFC56ECF29940E6B00F789BB /* tile08.png in Resources */,
				AFC56ED129940E6B00F789BB /* tile017.png in Resources */,
				AFC56EE029940E6B00F789BB /* tile024.png in Resources */,
				AFC56EA429940DEC00F789BB /* Main.storyboard in Resources */,
				AFC56EE429940E6B00F789BB /* tile04.png in Resources */,
				AFC56ED729940E6B00F789BB /* tile013.png in Resources */,
				AFC56ED029940E6B00F789BB /* tile016.png in Resources */,
			);
			runOnlyForDeploymentPostprocessing = 0;
		};
/* End PBXResourcesBuildPhase section */

/* Begin PBXSourcesBuildPhase section */
		AFC56E9529940DEC00F789BB /* Sources */ = {
			isa = PBXSourcesBuildPhase;
			buildActionMask = 2147483647;
			files = (
				AFC56EA129940DEC00F789BB /* ViewController.swift in Sources */,
				AFC56E9D29940DEC00F789BB /* AppDelegate.swift in Sources */,
				AFC56E9F29940DEC00F789BB /* SceneDelegate.swift in Sources */,
			);
			runOnlyForDeploymentPostprocessing = 0;
		};
/* End PBXSourcesBuildPhase section */

/* Begin PBXVariantGroup section */
		AFC56EA229940DEC00F789BB /* Main.storyboard */ = {
			isa = PBXVariantGroup;
			children = (
				AFC56EA329940DEC00F789BB /* Base */,
			);
			name = Main.storyboard;
			sourceTree = "<group>";
		};
		AFC56EA729940DED00F789BB /* LaunchScreen.storyboard */ = {
			isa = PBXVariantGroup;
			children = (
				AFC56EA829940DED00F789BB /* Base */,
			);
			name = LaunchScreen.storyboard;
			sourceTree = "<group>";
		};
/* End PBXVariantGroup section */

/* Begin XCBuildConfiguration section */
		AFC56EAB29940DED00F789BB /* Debug */ = {
			isa = XCBuildConfiguration;
			buildSettings = {
				ALWAYS_SEARCH_USER_PATHS = NO;
				CLANG_ANALYZER_NONNULL = YES;
				CLANG_ANALYZER_NUMBER_OBJECT_CONVERSION = YES_AGGRESSIVE;
				CLANG_CXX_LANGUAGE_STANDARD = "gnu++20";
				CLANG_ENABLE_MODULES = YES;
				CLANG_ENABLE_OBJC_ARC = YES;
				CLANG_ENABLE_OBJC_WEAK = YES;
				CLANG_WARN_BLOCK_CAPTURE_AUTORELEASING = YES;
				CLANG_WARN_BOOL_CONVERSION = YES;
				CLANG_WARN_COMMA = YES;
				CLANG_WARN_CONSTANT_CONVERSION = YES;
				CLANG_WARN_DEPRECATED_OBJC_IMPLEMENTATIONS = YES;
				CLANG_WARN_DIRECT_OBJC_ISA_USAGE = YES_ERROR;
				CLANG_WARN_DOCUMENTATION_COMMENTS = YES;
				CLANG_WARN_EMPTY_BODY = YES;
				CLANG_WARN_ENUM_CONVERSION = YES;
				CLANG_WARN_INFINITE_RECURSION = YES;
				CLANG_WARN_INT_CONVERSION = YES;
				CLANG_WARN_NON_LITERAL_NULL_CONVERSION = YES;
				CLANG_WARN_OBJC_IMPLICIT_RETAIN_SELF = YES;
				CLANG_WARN_OBJC_LITERAL_CONVERSION = YES;
				CLANG_WARN_OBJC_ROOT_CLASS = YES_ERROR;
				CLANG_WARN_QUOTED_INCLUDE_IN_FRAMEWORK_HEADER = YES;
				CLANG_WARN_RANGE_LOOP_ANALYSIS = YES;
				CLANG_WARN_STRICT_PROTOTYPES = YES;
				CLANG_WARN_SUSPICIOUS_MOVE = YES;
				CLANG_WARN_UNGUARDED_AVAILABILITY = YES_AGGRESSIVE;
				CLANG_WARN_UNREACHABLE_CODE = YES;
				CLANG_WARN__DUPLICATE_METHOD_MATCH = YES;
				COPY_PHASE_STRIP = NO;
				DEBUG_INFORMATION_FORMAT = dwarf;
				ENABLE_STRICT_OBJC_MSGSEND = YES;
				ENABLE_TESTABILITY = YES;
				GCC_C_LANGUAGE_STANDARD = gnu11;
				GCC_DYNAMIC_NO_PIC = NO;
				GCC_NO_COMMON_BLOCKS = YES;
				GCC_OPTIMIZATION_LEVEL = 0;
				GCC_PREPROCESSOR_DEFINITIONS = (
					"DEBUG=1",
					"$(inherited)",
				);
				GCC_WARN_64_TO_32_BIT_CONVERSION = YES;
				GCC_WARN_ABOUT_RETURN_TYPE = YES_ERROR;
				GCC_WARN_UNDECLARED_SELECTOR = YES;
				GCC_WARN_UNINITIALIZED_AUTOS = YES_AGGRESSIVE;
				GCC_WARN_UNUSED_FUNCTION = YES;
				GCC_WARN_UNUSED_VARIABLE = YES;
				IPHONEOS_DEPLOYMENT_TARGET = 16.1;
				MTL_ENABLE_DEBUG_INFO = INCLUDE_SOURCE;
				MTL_FAST_MATH = YES;
				ONLY_ACTIVE_ARCH = YES;
				SDKROOT = iphoneos;
				SWIFT_ACTIVE_COMPILATION_CONDITIONS = DEBUG;
				SWIFT_OPTIMIZATION_LEVEL = "-Onone";
			};
			name = Debug;
		};
		AFC56EAC29940DED00F789BB /* Release */ = {
			isa = XCBuildConfiguration;
			buildSettings = {
				ALWAYS_SEARCH_USER_PATHS = NO;
				CLANG_ANALYZER_NONNULL = YES;
				CLANG_ANALYZER_NUMBER_OBJECT_CONVERSION = YES_AGGRESSIVE;
				CLANG_CXX_LANGUAGE_STANDARD = "gnu++20";
				CLANG_ENABLE_MODULES = YES;
				CLANG_ENABLE_OBJC_ARC = YES;
				CLANG_ENABLE_OBJC_WEAK = YES;
				CLANG_WARN_BLOCK_CAPTURE_AUTORELEASING = YES;
				CLANG_WARN_BOOL_CONVERSION = YES;
				CLANG_WARN_COMMA = YES;
				CLANG_WARN_CONSTANT_CONVERSION = YES;
				CLANG_WARN_DEPRECATED_OBJC_IMPLEMENTATIONS = YES;
				CLANG_WARN_DIRECT_OBJC_ISA_USAGE = YES_ERROR;
				CLANG_WARN_DOCUMENTATION_COMMENTS = YES;
				CLANG_WARN_EMPTY_BODY = YES;
				CLANG_WARN_ENUM_CONVERSION = YES;
				CLANG_WARN_INFINITE_RECURSION = YES;
				CLANG_WARN_INT_CONVERSION = YES;
				CLANG_WARN_NON_LITERAL_NULL_CONVERSION = YES;
				CLANG_WARN_OBJC_IMPLICIT_RETAIN_SELF = YES;
				CLANG_WARN_OBJC_LITERAL_CONVERSION = YES;
				CLANG_WARN_OBJC_ROOT_CLASS = YES_ERROR;
				CLANG_WARN_QUOTED_INCLUDE_IN_FRAMEWORK_HEADER = YES;
				CLANG_WARN_RANGE_LOOP_ANALYSIS = YES;
				CLANG_WARN_STRICT_PROTOTYPES = YES;
				CLANG_WARN_SUSPICIOUS_MOVE = YES;
				CLANG_WARN_UNGUARDED_AVAILABILITY = YES_AGGRESSIVE;
				CLANG_WARN_UNREACHABLE_CODE = YES;
				CLANG_WARN__DUPLICATE_METHOD_MATCH = YES;
				COPY_PHASE_STRIP = NO;
				DEBUG_INFORMATION_FORMAT = "dwarf-with-dsym";
				ENABLE_NS_ASSERTIONS = NO;
				ENABLE_STRICT_OBJC_MSGSEND = YES;
				GCC_C_LANGUAGE_STANDARD = gnu11;
				GCC_NO_COMMON_BLOCKS = YES;
				GCC_WARN_64_TO_32_BIT_CONVERSION = YES;
				GCC_WARN_ABOUT_RETURN_TYPE = YES_ERROR;
				GCC_WARN_UNDECLARED_SELECTOR = YES;
				GCC_WARN_UNINITIALIZED_AUTOS = YES_AGGRESSIVE;
				GCC_WARN_UNUSED_FUNCTION = YES;
				GCC_WARN_UNUSED_VARIABLE = YES;
				IPHONEOS_DEPLOYMENT_TARGET = 16.1;
				MTL_ENABLE_DEBUG_INFO = NO;
				MTL_FAST_MATH = YES;
				SDKROOT = iphoneos;
				SWIFT_COMPILATION_MODE = wholemodule;
				SWIFT_OPTIMIZATION_LEVEL = "-O";
				VALIDATE_PRODUCT = YES;
			};
			name = Release;
		};
		AFC56EAE29940DED00F789BB /* Debug */ = {
			isa = XCBuildConfiguration;
			buildSettings = {
				ASSETCATALOG_COMPILER_APPICON_NAME = AppIcon;
				ASSETCATALOG_COMPILER_GLOBAL_ACCENT_COLOR_NAME = AccentColor;
				CODE_SIGN_STYLE = Automatic;
				CURRENT_PROJECT_VERSION = 1;
				DEVELOPMENT_TEAM = 7LB3AU4D4Q;
				GENERATE_INFOPLIST_FILE = YES;
				INFOPLIST_FILE = "Twitter Animation/Info.plist";
				INFOPLIST_KEY_UIApplicationSupportsIndirectInputEvents = YES;
				INFOPLIST_KEY_UILaunchStoryboardName = LaunchScreen;
				INFOPLIST_KEY_UIMainStoryboardFile = Main;
				INFOPLIST_KEY_UISupportedInterfaceOrientations_iPad = "UIInterfaceOrientationPortrait UIInterfaceOrientationPortraitUpsideDown UIInterfaceOrientationLandscapeLeft UIInterfaceOrientationLandscapeRight";
				INFOPLIST_KEY_UISupportedInterfaceOrientations_iPhone = "UIInterfaceOrientationPortrait UIInterfaceOrientationLandscapeLeft UIInterfaceOrientationLandscapeRight";
				LD_RUNPATH_SEARCH_PATHS = (
					"$(inherited)",
					"@executable_path/Frameworks",
				);
				MARKETING_VERSION = 1.0;
				PRODUCT_BUNDLE_IDENTIFIER = "rahulios.Twitter-Animation";
				PRODUCT_NAME = "$(TARGET_NAME)";
				SWIFT_EMIT_LOC_STRINGS = YES;
				SWIFT_VERSION = 5.0;
				TARGETED_DEVICE_FAMILY = "1,2";
			};
			name = Debug;
		};
		AFC56EAF29940DED00F789BB /* Release */ = {
			isa = XCBuildConfiguration;
			buildSettings = {
				ASSETCATALOG_COMPILER_APPICON_NAME = AppIcon;
				ASSETCATALOG_COMPILER_GLOBAL_ACCENT_COLOR_NAME = AccentColor;
				CODE_SIGN_STYLE = Automatic;
				CURRENT_PROJECT_VERSION = 1;
				DEVELOPMENT_TEAM = 7LB3AU4D4Q;
				GENERATE_INFOPLIST_FILE = YES;
				INFOPLIST_FILE = "Twitter Animation/Info.plist";
				INFOPLIST_KEY_UIApplicationSupportsIndirectInputEvents = YES;
				INFOPLIST_KEY_UILaunchStoryboardName = LaunchScreen;
				INFOPLIST_KEY_UIMainStoryboardFile = Main;
				INFOPLIST_KEY_UISupportedInterfaceOrientations_iPad = "UIInterfaceOrientationPortrait UIInterfaceOrientationPortraitUpsideDown UIInterfaceOrientationLandscapeLeft UIInterfaceOrientationLandscapeRight";
				INFOPLIST_KEY_UISupportedInterfaceOrientations_iPhone = "UIInterfaceOrientationPortrait UIInterfaceOrientationLandscapeLeft UIInterfaceOrientationLandscapeRight";
				LD_RUNPATH_SEARCH_PATHS = (
					"$(inherited)",
					"@executable_path/Frameworks",
				);
				MARKETING_VERSION = 1.0;
				PRODUCT_BUNDLE_IDENTIFIER = "rahulios.Twitter-Animation";
				PRODUCT_NAME = "$(TARGET_NAME)";
				SWIFT_EMIT_LOC_STRINGS = YES;
				SWIFT_VERSION = 5.0;
				TARGETED_DEVICE_FAMILY = "1,2";
			};
			name = Release;
		};
/* End XCBuildConfiguration section */

/* Begin XCConfigurationList section */
		AFC56E9429940DEC00F789BB /* Build configuration list for PBXProject "Twitter Animation" */ = {
			isa = XCConfigurationList;
			buildConfigurations = (
				AFC56EAB29940DED00F789BB /* Debug */,
				AFC56EAC29940DED00F789BB /* Release */,
			);
			defaultConfigurationIsVisible = 0;
			defaultConfigurationName = Release;
		};
		AFC56EAD29940DED00F789BB /* Build configuration list for PBXNativeTarget "Twitter Animation" */ = {
			isa = XCConfigurationList;
			buildConfigurations = (
				AFC56EAE29940DED00F789BB /* Debug */,
				AFC56EAF29940DED00F789BB /* Release */,
			);
			defaultConfigurationIsVisible = 0;
			defaultConfigurationName = Release;
		};
/* End XCConfigurationList section */
	};
	rootObject = AFC56E9129940DEC00F789BB /* Project object */;
}
